
Microsoft Visual Studio Solution File, Format Version 12.00
# Visual Studio Version 16
VisualStudioVersion = 25.0.1706.6
MinimumVisualStudioVersion = 10.0.40219.1
Project("{FAE04EC0-301F-11D3-BF4B-00C04F79EFBC}") = "BlazorServerApp", "BlazorServerApp\BlazorServerApp.csproj", "{8535A919-FE2D-45D7-A915-F75F8099648E}"
EndProject
Global
	GlobalSection(SolutionConfigurationPlatforms) = preSolution
		Debug|Any CPU = Debug|Any CPU
		Release|Any CPU = Release|Any CPU
	EndGlobalSection
	GlobalSection(ProjectConfigurationPlatforms) = postSolution
		{8535A919-FE2D-45D7-A915-F75F8099648E}.Debug|Any CPU.ActiveCfg = Debug|Any CPU
		{8535A919-FE2D-45D7-A915-F75F8099648E}.Debug|Any CPU.Build.0 = Debug|Any CPU
		{8535A919-FE2D-45D7-A915-F75F8099648E}.Release|Any CPU.ActiveCfg = Release|Any CPU
		{8535A919-FE2D-45D7-A915-F75F8099648E}.Release|Any CPU.Build.0 = Release|Any CPU
	EndGlobalSection
	GlobalSection(SolutionProperties) = preSolution
		HideSolutionNode = FALSE
	EndGlobalSection
	GlobalSection(ExtensibilityGlobals) = postSolution
		SolutionGuid = {DCADD4E4-B73F-4F41-9D7A-0FBFB4F7B08C}
	EndGlobalSection
EndGlobal
